// !$*UTF8*$!
{
	archiveVersion = 1;
	classes = {
	};
	objectVersion = 55;
	objects = {

/* Begin PBXBuildFile section */
		84556A8128072FBC00FDA602 /* OrdersTableViewController.swift in Sources */ = {isa = PBXBuildFile; fileRef = 84556A8028072FBC00FDA602 /* OrdersTableViewController.swift */; };
		84556A832807312200FDA602 /* OrdersTableViewCell.swift in Sources */ = {isa = PBXBuildFile; fileRef = 84556A822807312200FDA602 /* OrdersTableViewCell.swift */; };
		84556A8B280F200700FDA602 /* OrderDataManager.swift in Sources */ = {isa = PBXBuildFile; fileRef = 84556A8A280F200700FDA602 /* OrderDataManager.swift */; };
		84A05A3128099BD400EB5B3E /* ItemHelper.swift in Sources */ = {isa = PBXBuildFile; fileRef = 84A05A3028099BD400EB5B3E /* ItemHelper.swift */; };
		84A05A3328099C1C00EB5B3E /* Items.swift in Sources */ = {isa = PBXBuildFile; fileRef = 84A05A3228099C1C00EB5B3E /* Items.swift */; };
		909848682808756000241A03 /* ItemCollectionViewCell.swift in Sources */ = {isa = PBXBuildFile; fileRef = 909848632808756000241A03 /* ItemCollectionViewCell.swift */; };
		909848692808756000241A03 /* ItemCollectionViewCell.xib in Resources */ = {isa = PBXBuildFile; fileRef = 909848642808756000241A03 /* ItemCollectionViewCell.xib */; };
		9098486A2808756000241A03 /* ItemCollectionTableViewCell.swift in Sources */ = {isa = PBXBuildFile; fileRef = 909848662808756000241A03 /* ItemCollectionTableViewCell.swift */; };
		9098486B2808756000241A03 /* ItemCollectionTableViewCell.xib in Resources */ = {isa = PBXBuildFile; fileRef = 909848672808756000241A03 /* ItemCollectionTableViewCell.xib */; };
		9098486F2808758500241A03 /* TrackingShipment.swift in Sources */ = {isa = PBXBuildFile; fileRef = 9098486D2808758500241A03 /* TrackingShipment.swift */; };
		909848702808758500241A03 /* TrackProgressView.swift in Sources */ = {isa = PBXBuildFile; fileRef = 9098486E2808758500241A03 /* TrackProgressView.swift */; };
		90984872280875D200241A03 /* ItemShippingInfoView.swift in Sources */ = {isa = PBXBuildFile; fileRef = 90984871280875D200241A03 /* ItemShippingInfoView.swift */; };
		909848742808760000241A03 /* ItemsViewController.swift in Sources */ = {isa = PBXBuildFile; fileRef = 909848732808760000241A03 /* ItemsViewController.swift */; };
		90984878280B8DF600241A03 /* WishListDataManager.swift in Sources */ = {isa = PBXBuildFile; fileRef = 90984877280B8DF600241A03 /* WishListDataManager.swift */; };
		9098487A280B9BCC00241A03 /* ContactFavoriteCell.swift in Sources */ = {isa = PBXBuildFile; fileRef = 90984879280B9BCC00241A03 /* ContactFavoriteCell.swift */; };
		9098487C280C3A7600241A03 /* CommentsView.swift in Sources */ = {isa = PBXBuildFile; fileRef = 9098487B280C3A7500241A03 /* CommentsView.swift */; };
		9A032023280B2A7200DF656C /* CartHelper.swift in Sources */ = {isa = PBXBuildFile; fileRef = 9A032022280B2A7200DF656C /* CartHelper.swift */; };
		9A032041280B386D00DF656C /* CheckoutShippingTableViewCell.swift in Sources */ = {isa = PBXBuildFile; fileRef = 9A03203F280B386D00DF656C /* CheckoutShippingTableViewCell.swift */; };
		9A032042280B386D00DF656C /* CheckoutShippingTableViewCell.xib in Resources */ = {isa = PBXBuildFile; fileRef = 9A032040280B386D00DF656C /* CheckoutShippingTableViewCell.xib */; };
		9A083B282808C7700061045B /* CartTotalTableViewCell.swift in Sources */ = {isa = PBXBuildFile; fileRef = 9A083B262808C7700061045B /* CartTotalTableViewCell.swift */; };
		9A083B292808C7700061045B /* CartTotalTableViewCell.xib in Resources */ = {isa = PBXBuildFile; fileRef = 9A083B272808C7700061045B /* CartTotalTableViewCell.xib */; };
		9A083B2C280A088A0061045B /* CheckoutButtonTableViewCell.xib in Resources */ = {isa = PBXBuildFile; fileRef = 9A083B2A280A08890061045B /* CheckoutButtonTableViewCell.xib */; };
		9A083B2D280A088A0061045B /* CheckoutButtonTableViewCell.swift in Sources */ = {isa = PBXBuildFile; fileRef = 9A083B2B280A08890061045B /* CheckoutButtonTableViewCell.swift */; };
		9A18C2BA27FFA395002221F6 /* CartSaveDataManager.swift in Sources */ = {isa = PBXBuildFile; fileRef = 9A18C2B927FFA395002221F6 /* CartSaveDataManager.swift */; };
		9A18C2BC27FFA51D002221F6 /* CartSavedViewController.swift in Sources */ = {isa = PBXBuildFile; fileRef = 9A18C2BB27FFA51D002221F6 /* CartSavedViewController.swift */; };
		9A18C2C327FFC153002221F6 /* CartButtonTableViewCell.swift in Sources */ = {isa = PBXBuildFile; fileRef = 9A18C2C127FFC153002221F6 /* CartButtonTableViewCell.swift */; };
		9A18C2C427FFC153002221F6 /* CartButtonTableViewCell.xib in Resources */ = {isa = PBXBuildFile; fileRef = 9A18C2C227FFC153002221F6 /* CartButtonTableViewCell.xib */; };
		9A18C2C627FFC19B002221F6 /* SavedTableViewCell.xib in Resources */ = {isa = PBXBuildFile; fileRef = 9A18C2C527FFC19B002221F6 /* SavedTableViewCell.xib */; };
		9A18C2C827FFC1B7002221F6 /* SavedTableViewCell.swift in Sources */ = {isa = PBXBuildFile; fileRef = 9A18C2C727FFC1B7002221F6 /* SavedTableViewCell.swift */; };
		9A18C2CA27FFC811002221F6 /* SavedTableViewController.swift in Sources */ = {isa = PBXBuildFile; fileRef = 9A18C2C927FFC811002221F6 /* SavedTableViewController.swift */; };
		9A420E7A280B47B20091D1C3 /* CheckoutBillingTableViewCell.swift in Sources */ = {isa = PBXBuildFile; fileRef = 9A420E78280B47B20091D1C3 /* CheckoutBillingTableViewCell.swift */; };
		9A420E7B280B47B20091D1C3 /* CheckoutBillingTableViewCell.xib in Resources */ = {isa = PBXBuildFile; fileRef = 9A420E79280B47B20091D1C3 /* CheckoutBillingTableViewCell.xib */; };
		9A8CA9B72808837B008B2E5D /* CheckoutCartTableViewCell.xib in Resources */ = {isa = PBXBuildFile; fileRef = 9A8CA9B52808837A008B2E5D /* CheckoutCartTableViewCell.xib */; };
		9A8CA9B82808837B008B2E5D /* CheckoutCartTableViewCell.swift in Sources */ = {isa = PBXBuildFile; fileRef = 9A8CA9B62808837B008B2E5D /* CheckoutCartTableViewCell.swift */; };
		9A8CA9BA2808875C008B2E5D /* CheckoutViewController.swift in Sources */ = {isa = PBXBuildFile; fileRef = 9A8CA9B92808875C008B2E5D /* CheckoutViewController.swift */; };
		9A9BDB94280C590E009AC118 /* Receivers+CoreDataClass.swift in Sources */ = {isa = PBXBuildFile; fileRef = 9A9BDB90280C590E009AC118 /* Receivers+CoreDataClass.swift */; };
		9A9BDB95280C590E009AC118 /* Receivers+CoreDataProperties.swift in Sources */ = {isa = PBXBuildFile; fileRef = 9A9BDB91280C590E009AC118 /* Receivers+CoreDataProperties.swift */; };
		9A9BDB96280C590E009AC118 /* Billings+CoreDataClass.swift in Sources */ = {isa = PBXBuildFile; fileRef = 9A9BDB92280C590E009AC118 /* Billings+CoreDataClass.swift */; };
		9A9BDB97280C590E009AC118 /* Billings+CoreDataProperties.swift in Sources */ = {isa = PBXBuildFile; fileRef = 9A9BDB93280C590E009AC118 /* Billings+CoreDataProperties.swift */; };
		9AA24943280BCFB8003B6E3A /* Order+CoreDataClass.swift in Sources */ = {isa = PBXBuildFile; fileRef = 9AA24937280BCFB8003B6E3A /* Order+CoreDataClass.swift */; };
		9AA24944280BCFB8003B6E3A /* Order+CoreDataProperties.swift in Sources */ = {isa = PBXBuildFile; fileRef = 9AA24938280BCFB8003B6E3A /* Order+CoreDataProperties.swift */; };
		9AA24949280BCFB8003B6E3A /* User+CoreDataClass.swift in Sources */ = {isa = PBXBuildFile; fileRef = 9AA2493D280BCFB8003B6E3A /* User+CoreDataClass.swift */; };
		9AA2494A280BCFB8003B6E3A /* User+CoreDataProperties.swift in Sources */ = {isa = PBXBuildFile; fileRef = 9AA2493E280BCFB8003B6E3A /* User+CoreDataProperties.swift */; };
		9AA2494B280BCFB8003B6E3A /* Cart+CoreDataClass.swift in Sources */ = {isa = PBXBuildFile; fileRef = 9AA2493F280BCFB8003B6E3A /* Cart+CoreDataClass.swift */; };
		9AA2494C280BCFB8003B6E3A /* Cart+CoreDataProperties.swift in Sources */ = {isa = PBXBuildFile; fileRef = 9AA24940280BCFB8003B6E3A /* Cart+CoreDataProperties.swift */; };
		9AA2494D280BCFB8003B6E3A /* Wishlist+CoreDataClass.swift in Sources */ = {isa = PBXBuildFile; fileRef = 9AA24941280BCFB8003B6E3A /* Wishlist+CoreDataClass.swift */; };
		9AA2494E280BCFB8003B6E3A /* Wishlist+CoreDataProperties.swift in Sources */ = {isa = PBXBuildFile; fileRef = 9AA24942280BCFB8003B6E3A /* Wishlist+CoreDataProperties.swift */; };
		9AA24955280BDD7E003B6E3A /* Item+CoreDataClass.swift in Sources */ = {isa = PBXBuildFile; fileRef = 9AA24953280BDD7E003B6E3A /* Item+CoreDataClass.swift */; };
		9AA24956280BDD7E003B6E3A /* Item+CoreDataProperties.swift in Sources */ = {isa = PBXBuildFile; fileRef = 9AA24954280BDD7E003B6E3A /* Item+CoreDataProperties.swift */; };
		9AB9863D27FCAD900016442B /* CartTableViewCell.swift in Sources */ = {isa = PBXBuildFile; fileRef = 9AB9863B27FCAD900016442B /* CartTableViewCell.swift */; };
		9AB9864227FD05330016442B /* CartTableViewController.swift in Sources */ = {isa = PBXBuildFile; fileRef = 9AB9864127FD05330016442B /* CartTableViewController.swift */; };
		9AD5519B27FD47B400A2522F /* WishListViewController.swift in Sources */ = {isa = PBXBuildFile; fileRef = 9AD5519A27FD47B400A2522F /* WishListViewController.swift */; };
		9AD5519F27FD483800A2522F /* WishListTableViewCell.swift in Sources */ = {isa = PBXBuildFile; fileRef = 9AD5519E27FD483700A2522F /* WishListTableViewCell.swift */; };
		FE64686427F4C69900795DB2 /* AppDelegate.swift in Sources */ = {isa = PBXBuildFile; fileRef = FE64686327F4C69900795DB2 /* AppDelegate.swift */; };
		FE64686627F4C69900795DB2 /* SceneDelegate.swift in Sources */ = {isa = PBXBuildFile; fileRef = FE64686527F4C69900795DB2 /* SceneDelegate.swift */; };
		FE64686827F4C69900795DB2 /* ViewController.swift in Sources */ = {isa = PBXBuildFile; fileRef = FE64686727F4C69900795DB2 /* ViewController.swift */; };
		FE64686B27F4C69900795DB2 /* Main.storyboard in Resources */ = {isa = PBXBuildFile; fileRef = FE64686927F4C69900795DB2 /* Main.storyboard */; };
		FE64686D27F4C69C00795DB2 /* Assets.xcassets in Resources */ = {isa = PBXBuildFile; fileRef = FE64686C27F4C69C00795DB2 /* Assets.xcassets */; };
		FE64687027F4C69C00795DB2 /* LaunchScreen.storyboard in Resources */ = {isa = PBXBuildFile; fileRef = FE64686E27F4C69C00795DB2 /* LaunchScreen.storyboard */; };
		FE64688D27F741F800795DB2 /* UserTestViewModel.swift in Sources */ = {isa = PBXBuildFile; fileRef = FE64688C27F741F800795DB2 /* UserTestViewModel.swift */; };
		FE64689127F74A5100795DB2 /* UserTestViewController.swift in Sources */ = {isa = PBXBuildFile; fileRef = FE64689027F74A5100795DB2 /* UserTestViewController.swift */; };
		FE64689327F74EDE00795DB2 /* UserTestTableViewCell.swift in Sources */ = {isa = PBXBuildFile; fileRef = FE64689227F74EDE00795DB2 /* UserTestTableViewCell.swift */; };
		FE64689527F7536A00795DB2 /* Service.swift in Sources */ = {isa = PBXBuildFile; fileRef = FE64689427F7536A00795DB2 /* Service.swift */; };
		FE64689727F75B5C00795DB2 /* Util.swift in Sources */ = {isa = PBXBuildFile; fileRef = FE64689627F75B5C00795DB2 /* Util.swift */; };
		FE64689B27FB1B6B00795DB2 /* SignUpViewModel.swift in Sources */ = {isa = PBXBuildFile; fileRef = FE64689A27FB1B6B00795DB2 /* SignUpViewModel.swift */; };
		FE64689F27FB3B7600795DB2 /* UserProfileSwiftUIView.swift in Sources */ = {isa = PBXBuildFile; fileRef = FE64689E27FB3B7600795DB2 /* UserProfileSwiftUIView.swift */; };
		FE6468A627FB426600795DB2 /* CoreDataManager.swift in Sources */ = {isa = PBXBuildFile; fileRef = FE6468A527FB426600795DB2 /* CoreDataManager.swift */; };
		FE6468A827FB45AB00795DB2 /* UserProfileViewController.swift in Sources */ = {isa = PBXBuildFile; fileRef = FE6468A727FB45AB00795DB2 /* UserProfileViewController.swift */; };
		FE6468AF27FB6ACD00795DB2 /* UserProfileViewModel.swift in Sources */ = {isa = PBXBuildFile; fileRef = FE6468AE27FB6ACD00795DB2 /* UserProfileViewModel.swift */; };
		FE887E7B2801D740000C2407 /* API.swift in Sources */ = {isa = PBXBuildFile; fileRef = FE887E7A2801D740000C2407 /* API.swift */; };
		FE887EE12809089F000C2407 /* UserDetailsView.swift in Sources */ = {isa = PBXBuildFile; fileRef = FE887EE02809089F000C2407 /* UserDetailsView.swift */; };
		FE887EE328090ADB000C2407 /* ContentDetailView.swift in Sources */ = {isa = PBXBuildFile; fileRef = FE887EE228090ADB000C2407 /* ContentDetailView.swift */; };
		FE887EE728090BB3000C2407 /* UserDetailsViewController.swift in Sources */ = {isa = PBXBuildFile; fileRef = FE887EE628090BB3000C2407 /* UserDetailsViewController.swift */; };
		FE887EEF2809BF02000C2407 /* CartTableViewCell.xib in Resources */ = {isa = PBXBuildFile; fileRef = FE887EEE2809BF02000C2407 /* CartTableViewCell.xib */; };
		FEA97F6E27FDF6CB00F82B15 /* HomeViewModel.swift in Sources */ = {isa = PBXBuildFile; fileRef = FEA97F6D27FDF6CB00F82B15 /* HomeViewModel.swift */; };
		FEA97F7027FDF9F800F82B15 /* HomeViewController.swift in Sources */ = {isa = PBXBuildFile; fileRef = FEA97F6F27FDF9F800F82B15 /* HomeViewController.swift */; };
		FEA97F7627FE007100F82B15 /* HomeView.swift in Sources */ = {isa = PBXBuildFile; fileRef = FEA97F7527FE007100F82B15 /* HomeView.swift */; };
		FEA97F7927FE3BEB00F82B15 /* CustomCurveShape.swift in Sources */ = {isa = PBXBuildFile; fileRef = FEA97F7827FE3BEB00F82B15 /* CustomCurveShape.swift */; };
		FEA97F7B27FE3C4000F82B15 /* Home.swift in Sources */ = {isa = PBXBuildFile; fileRef = FEA97F7A27FE3C4000F82B15 /* Home.swift */; };
		FEA97F7D27FE3CCC00F82B15 /* ContentView.swift in Sources */ = {isa = PBXBuildFile; fileRef = FEA97F7C27FE3CCC00F82B15 /* ContentView.swift */; };
		FEA97F7F27FE3E7500F82B15 /* HomeSlider.swift in Sources */ = {isa = PBXBuildFile; fileRef = FEA97F7E27FE3E7500F82B15 /* HomeSlider.swift */; };
		FEA97F8127FE3F9D00F82B15 /* Slider.swift in Sources */ = {isa = PBXBuildFile; fileRef = FEA97F8027FE3F9D00F82B15 /* Slider.swift */; };
		FEA97F8427FE3FD300F82B15 /* Product.swift in Sources */ = {isa = PBXBuildFile; fileRef = FEA97F8327FE3FD300F82B15 /* Product.swift */; };
		FEA97F8627FE404500F82B15 /* DetailView.swift in Sources */ = {isa = PBXBuildFile; fileRef = FEA97F8527FE404500F82B15 /* DetailView.swift */; };
		FEA97F8827FE661B00F82B15 /* LandingView.swift in Sources */ = {isa = PBXBuildFile; fileRef = FEA97F8727FE661B00F82B15 /* LandingView.swift */; };
		FEA97F8D27FE6C1A00F82B15 /* SplashScreen.swift in Sources */ = {isa = PBXBuildFile; fileRef = FEA97F8C27FE6C1A00F82B15 /* SplashScreen.swift */; };
		FEA97F8F27FE6C2100F82B15 /* LaunchView.swift in Sources */ = {isa = PBXBuildFile; fileRef = FEA97F8E27FE6C2100F82B15 /* LaunchView.swift */; };
		FEA97F9127FE7EDB00F82B15 /* LoginView.swift in Sources */ = {isa = PBXBuildFile; fileRef = FEA97F9027FE7EDB00F82B15 /* LoginView.swift */; };
		FEAAF24027FC60E8000F2440 /* DBHelper.swift in Sources */ = {isa = PBXBuildFile; fileRef = FEAAF23F27FC60E8000F2440 /* DBHelper.swift */; };
		FEAAF24327FC6260000F2440 /* UserHelpers.swift in Sources */ = {isa = PBXBuildFile; fileRef = FEAAF24227FC6260000F2440 /* UserHelpers.swift */; };
		FED794D227FCA4450094E123 /* CoreDataModel.xcdatamodeld in Sources */ = {isa = PBXBuildFile; fileRef = FED794D027FCA4450094E123 /* CoreDataModel.xcdatamodeld */; };
		FED7950227FD46880094E123 /* SignUpView.swift in Sources */ = {isa = PBXBuildFile; fileRef = FED7950127FD46880094E123 /* SignUpView.swift */; };
/* End PBXBuildFile section */

/* Begin PBXFileReference section */
		84556A8028072FBC00FDA602 /* OrdersTableViewController.swift */ = {isa = PBXFileReference; lastKnownFileType = sourcecode.swift; path = OrdersTableViewController.swift; sourceTree = "<group>"; };
		84556A822807312200FDA602 /* OrdersTableViewCell.swift */ = {isa = PBXFileReference; lastKnownFileType = sourcecode.swift; path = OrdersTableViewCell.swift; sourceTree = "<group>"; };
		84556A8A280F200700FDA602 /* OrderDataManager.swift */ = {isa = PBXFileReference; lastKnownFileType = sourcecode.swift; path = OrderDataManager.swift; sourceTree = "<group>"; };
		84A05A3028099BD400EB5B3E /* ItemHelper.swift */ = {isa = PBXFileReference; lastKnownFileType = sourcecode.swift; path = ItemHelper.swift; sourceTree = "<group>"; };
		84A05A3228099C1C00EB5B3E /* Items.swift */ = {isa = PBXFileReference; lastKnownFileType = sourcecode.swift; path = Items.swift; sourceTree = "<group>"; };
		909848632808756000241A03 /* ItemCollectionViewCell.swift */ = {isa = PBXFileReference; fileEncoding = 4; lastKnownFileType = sourcecode.swift; path = ItemCollectionViewCell.swift; sourceTree = "<group>"; };
		909848642808756000241A03 /* ItemCollectionViewCell.xib */ = {isa = PBXFileReference; fileEncoding = 4; lastKnownFileType = file.xib; path = ItemCollectionViewCell.xib; sourceTree = "<group>"; };
		909848662808756000241A03 /* ItemCollectionTableViewCell.swift */ = {isa = PBXFileReference; fileEncoding = 4; lastKnownFileType = sourcecode.swift; path = ItemCollectionTableViewCell.swift; sourceTree = "<group>"; };
		909848672808756000241A03 /* ItemCollectionTableViewCell.xib */ = {isa = PBXFileReference; fileEncoding = 4; lastKnownFileType = file.xib; path = ItemCollectionTableViewCell.xib; sourceTree = "<group>"; };
		9098486D2808758500241A03 /* TrackingShipment.swift */ = {isa = PBXFileReference; fileEncoding = 4; lastKnownFileType = sourcecode.swift; path = TrackingShipment.swift; sourceTree = "<group>"; };
		9098486E2808758500241A03 /* TrackProgressView.swift */ = {isa = PBXFileReference; fileEncoding = 4; lastKnownFileType = sourcecode.swift; path = TrackProgressView.swift; sourceTree = "<group>"; };
		90984871280875D200241A03 /* ItemShippingInfoView.swift */ = {isa = PBXFileReference; fileEncoding = 4; lastKnownFileType = sourcecode.swift; path = ItemShippingInfoView.swift; sourceTree = "<group>"; };
		909848732808760000241A03 /* ItemsViewController.swift */ = {isa = PBXFileReference; fileEncoding = 4; lastKnownFileType = sourcecode.swift; path = ItemsViewController.swift; sourceTree = "<group>"; };
		90984877280B8DF600241A03 /* WishListDataManager.swift */ = {isa = PBXFileReference; lastKnownFileType = sourcecode.swift; path = WishListDataManager.swift; sourceTree = "<group>"; };
		90984879280B9BCC00241A03 /* ContactFavoriteCell.swift */ = {isa = PBXFileReference; lastKnownFileType = sourcecode.swift; path = ContactFavoriteCell.swift; sourceTree = "<group>"; };
		9098487B280C3A7500241A03 /* CommentsView.swift */ = {isa = PBXFileReference; lastKnownFileType = sourcecode.swift; path = CommentsView.swift; sourceTree = "<group>"; };
		9A032021280B296900DF656C /* CoreDataModel 7.xcdatamodel */ = {isa = PBXFileReference; lastKnownFileType = wrapper.xcdatamodel; path = "CoreDataModel 7.xcdatamodel"; sourceTree = "<group>"; };
		9A032022280B2A7200DF656C /* CartHelper.swift */ = {isa = PBXFileReference; lastKnownFileType = sourcecode.swift; path = CartHelper.swift; sourceTree = "<group>"; };
		9A03203F280B386D00DF656C /* CheckoutShippingTableViewCell.swift */ = {isa = PBXFileReference; lastKnownFileType = sourcecode.swift; path = CheckoutShippingTableViewCell.swift; sourceTree = "<group>"; };
		9A032040280B386D00DF656C /* CheckoutShippingTableViewCell.xib */ = {isa = PBXFileReference; lastKnownFileType = file.xib; path = CheckoutShippingTableViewCell.xib; sourceTree = "<group>"; };
		9A083B262808C7700061045B /* CartTotalTableViewCell.swift */ = {isa = PBXFileReference; lastKnownFileType = sourcecode.swift; path = CartTotalTableViewCell.swift; sourceTree = "<group>"; };
		9A083B272808C7700061045B /* CartTotalTableViewCell.xib */ = {isa = PBXFileReference; lastKnownFileType = file.xib; path = CartTotalTableViewCell.xib; sourceTree = "<group>"; };
		9A083B2A280A08890061045B /* CheckoutButtonTableViewCell.xib */ = {isa = PBXFileReference; fileEncoding = 4; lastKnownFileType = file.xib; name = CheckoutButtonTableViewCell.xib; path = "Pick-n-Pay-Store/View/Views/Cart/CheckoutButtonTableViewCell.xib"; sourceTree = SOURCE_ROOT; };
		9A083B2B280A08890061045B /* CheckoutButtonTableViewCell.swift */ = {isa = PBXFileReference; fileEncoding = 4; lastKnownFileType = sourcecode.swift; name = CheckoutButtonTableViewCell.swift; path = "Pick-n-Pay-Store/View/Views/Cart/CheckoutButtonTableViewCell.swift"; sourceTree = SOURCE_ROOT; };
		9A18C2B927FFA395002221F6 /* CartSaveDataManager.swift */ = {isa = PBXFileReference; lastKnownFileType = sourcecode.swift; name = CartSaveDataManager.swift; path = "Pick-n-Pay-Store/Models/DataManagers/CartSaveDataManager.swift"; sourceTree = SOURCE_ROOT; };
		9A18C2BB27FFA51D002221F6 /* CartSavedViewController.swift */ = {isa = PBXFileReference; lastKnownFileType = sourcecode.swift; path = CartSavedViewController.swift; sourceTree = "<group>"; };
		9A18C2C127FFC153002221F6 /* CartButtonTableViewCell.swift */ = {isa = PBXFileReference; fileEncoding = 4; lastKnownFileType = sourcecode.swift; path = CartButtonTableViewCell.swift; sourceTree = "<group>"; };
		9A18C2C227FFC153002221F6 /* CartButtonTableViewCell.xib */ = {isa = PBXFileReference; fileEncoding = 4; lastKnownFileType = file.xib; path = CartButtonTableViewCell.xib; sourceTree = "<group>"; };
		9A18C2C527FFC19B002221F6 /* SavedTableViewCell.xib */ = {isa = PBXFileReference; fileEncoding = 4; lastKnownFileType = file.xib; path = SavedTableViewCell.xib; sourceTree = "<group>"; };
		9A18C2C727FFC1B7002221F6 /* SavedTableViewCell.swift */ = {isa = PBXFileReference; lastKnownFileType = sourcecode.swift; path = SavedTableViewCell.swift; sourceTree = "<group>"; };
		9A18C2C927FFC811002221F6 /* SavedTableViewController.swift */ = {isa = PBXFileReference; lastKnownFileType = sourcecode.swift; path = SavedTableViewController.swift; sourceTree = "<group>"; };
		9A420E78280B47B20091D1C3 /* CheckoutBillingTableViewCell.swift */ = {isa = PBXFileReference; lastKnownFileType = sourcecode.swift; path = CheckoutBillingTableViewCell.swift; sourceTree = "<group>"; };
		9A420E79280B47B20091D1C3 /* CheckoutBillingTableViewCell.xib */ = {isa = PBXFileReference; lastKnownFileType = file.xib; path = CheckoutBillingTableViewCell.xib; sourceTree = "<group>"; };
		9A420E88280BB7150091D1C3 /* CoreDataModel 8.xcdatamodel */ = {isa = PBXFileReference; lastKnownFileType = wrapper.xcdatamodel; path = "CoreDataModel 8.xcdatamodel"; sourceTree = "<group>"; };
		9A8CA9B52808837A008B2E5D /* CheckoutCartTableViewCell.xib */ = {isa = PBXFileReference; fileEncoding = 4; lastKnownFileType = file.xib; path = CheckoutCartTableViewCell.xib; sourceTree = "<group>"; };
		9A8CA9B62808837B008B2E5D /* CheckoutCartTableViewCell.swift */ = {isa = PBXFileReference; fileEncoding = 4; lastKnownFileType = sourcecode.swift; path = CheckoutCartTableViewCell.swift; sourceTree = "<group>"; };
		9A8CA9B92808875C008B2E5D /* CheckoutViewController.swift */ = {isa = PBXFileReference; lastKnownFileType = sourcecode.swift; path = CheckoutViewController.swift; sourceTree = "<group>"; };
		9A9BDB8F280C5734009AC118 /* CoreDataModel 10.xcdatamodel */ = {isa = PBXFileReference; lastKnownFileType = wrapper.xcdatamodel; path = "CoreDataModel 10.xcdatamodel"; sourceTree = "<group>"; };
		9A9BDB90280C590E009AC118 /* Receivers+CoreDataClass.swift */ = {isa = PBXFileReference; lastKnownFileType = sourcecode.swift; path = "Receivers+CoreDataClass.swift"; sourceTree = "<group>"; };
		9A9BDB91280C590E009AC118 /* Receivers+CoreDataProperties.swift */ = {isa = PBXFileReference; lastKnownFileType = sourcecode.swift; path = "Receivers+CoreDataProperties.swift"; sourceTree = "<group>"; };
		9A9BDB92280C590E009AC118 /* Billings+CoreDataClass.swift */ = {isa = PBXFileReference; lastKnownFileType = sourcecode.swift; path = "Billings+CoreDataClass.swift"; sourceTree = "<group>"; };
		9A9BDB93280C590E009AC118 /* Billings+CoreDataProperties.swift */ = {isa = PBXFileReference; lastKnownFileType = sourcecode.swift; path = "Billings+CoreDataProperties.swift"; sourceTree = "<group>"; };
		9AA2492E280BCA7C003B6E3A /* CoreDataModel 9.xcdatamodel */ = {isa = PBXFileReference; lastKnownFileType = wrapper.xcdatamodel; path = "CoreDataModel 9.xcdatamodel"; sourceTree = "<group>"; };
		9AA24937280BCFB8003B6E3A /* Order+CoreDataClass.swift */ = {isa = PBXFileReference; lastKnownFileType = sourcecode.swift; path = "Order+CoreDataClass.swift"; sourceTree = "<group>"; };
		9AA24938280BCFB8003B6E3A /* Order+CoreDataProperties.swift */ = {isa = PBXFileReference; lastKnownFileType = sourcecode.swift; path = "Order+CoreDataProperties.swift"; sourceTree = "<group>"; };
		9AA2493D280BCFB8003B6E3A /* User+CoreDataClass.swift */ = {isa = PBXFileReference; lastKnownFileType = sourcecode.swift; path = "User+CoreDataClass.swift"; sourceTree = "<group>"; };
		9AA2493E280BCFB8003B6E3A /* User+CoreDataProperties.swift */ = {isa = PBXFileReference; lastKnownFileType = sourcecode.swift; path = "User+CoreDataProperties.swift"; sourceTree = "<group>"; };
		9AA2493F280BCFB8003B6E3A /* Cart+CoreDataClass.swift */ = {isa = PBXFileReference; lastKnownFileType = sourcecode.swift; path = "Cart+CoreDataClass.swift"; sourceTree = "<group>"; };
		9AA24940280BCFB8003B6E3A /* Cart+CoreDataProperties.swift */ = {isa = PBXFileReference; lastKnownFileType = sourcecode.swift; path = "Cart+CoreDataProperties.swift"; sourceTree = "<group>"; };
		9AA24941280BCFB8003B6E3A /* Wishlist+CoreDataClass.swift */ = {isa = PBXFileReference; lastKnownFileType = sourcecode.swift; path = "Wishlist+CoreDataClass.swift"; sourceTree = "<group>"; };
		9AA24942280BCFB8003B6E3A /* Wishlist+CoreDataProperties.swift */ = {isa = PBXFileReference; lastKnownFileType = sourcecode.swift; path = "Wishlist+CoreDataProperties.swift"; sourceTree = "<group>"; };
		9AA24953280BDD7E003B6E3A /* Item+CoreDataClass.swift */ = {isa = PBXFileReference; lastKnownFileType = sourcecode.swift; path = "Item+CoreDataClass.swift"; sourceTree = "<group>"; };
		9AA24954280BDD7E003B6E3A /* Item+CoreDataProperties.swift */ = {isa = PBXFileReference; lastKnownFileType = sourcecode.swift; path = "Item+CoreDataProperties.swift"; sourceTree = "<group>"; };
		9AB9863B27FCAD900016442B /* CartTableViewCell.swift */ = {isa = PBXFileReference; lastKnownFileType = sourcecode.swift; path = CartTableViewCell.swift; sourceTree = "<group>"; };
		9AB9864127FD05330016442B /* CartTableViewController.swift */ = {isa = PBXFileReference; lastKnownFileType = sourcecode.swift; path = CartTableViewController.swift; sourceTree = "<group>"; };
		9AD5519A27FD47B400A2522F /* WishListViewController.swift */ = {isa = PBXFileReference; fileEncoding = 4; lastKnownFileType = sourcecode.swift; path = WishListViewController.swift; sourceTree = "<group>"; };
		9AD5519E27FD483700A2522F /* WishListTableViewCell.swift */ = {isa = PBXFileReference; fileEncoding = 4; lastKnownFileType = sourcecode.swift; path = WishListTableViewCell.swift; sourceTree = "<group>"; };
		FE64686027F4C69900795DB2 /* Pick-n-Pay-Store.app */ = {isa = PBXFileReference; explicitFileType = wrapper.application; includeInIndex = 0; path = "Pick-n-Pay-Store.app"; sourceTree = BUILT_PRODUCTS_DIR; };
		FE64686327F4C69900795DB2 /* AppDelegate.swift */ = {isa = PBXFileReference; lastKnownFileType = sourcecode.swift; path = AppDelegate.swift; sourceTree = "<group>"; };
		FE64686527F4C69900795DB2 /* SceneDelegate.swift */ = {isa = PBXFileReference; lastKnownFileType = sourcecode.swift; path = SceneDelegate.swift; sourceTree = "<group>"; };
		FE64686727F4C69900795DB2 /* ViewController.swift */ = {isa = PBXFileReference; lastKnownFileType = sourcecode.swift; path = ViewController.swift; sourceTree = "<group>"; };
		FE64686A27F4C69900795DB2 /* Base */ = {isa = PBXFileReference; lastKnownFileType = file.storyboard; name = Base; path = Base.lproj/Main.storyboard; sourceTree = "<group>"; };
		FE64686C27F4C69C00795DB2 /* Assets.xcassets */ = {isa = PBXFileReference; lastKnownFileType = folder.assetcatalog; path = Assets.xcassets; sourceTree = "<group>"; };
		FE64686F27F4C69C00795DB2 /* Base */ = {isa = PBXFileReference; lastKnownFileType = file.storyboard; name = Base; path = Base.lproj/LaunchScreen.storyboard; sourceTree = "<group>"; };
		FE64687127F4C69C00795DB2 /* Info.plist */ = {isa = PBXFileReference; lastKnownFileType = text.plist.xml; path = Info.plist; sourceTree = "<group>"; };
		FE64687727F4C6B800795DB2 /* README.MD */ = {isa = PBXFileReference; lastKnownFileType = net.daringfireball.markdown; path = README.MD; sourceTree = "<group>"; };
		FE64688C27F741F800795DB2 /* UserTestViewModel.swift */ = {isa = PBXFileReference; lastKnownFileType = sourcecode.swift; path = UserTestViewModel.swift; sourceTree = "<group>"; };
		FE64689027F74A5100795DB2 /* UserTestViewController.swift */ = {isa = PBXFileReference; lastKnownFileType = sourcecode.swift; path = UserTestViewController.swift; sourceTree = "<group>"; };
		FE64689227F74EDE00795DB2 /* UserTestTableViewCell.swift */ = {isa = PBXFileReference; lastKnownFileType = sourcecode.swift; path = UserTestTableViewCell.swift; sourceTree = "<group>"; };
		FE64689427F7536A00795DB2 /* Service.swift */ = {isa = PBXFileReference; lastKnownFileType = sourcecode.swift; path = Service.swift; sourceTree = "<group>"; };
		FE64689627F75B5C00795DB2 /* Util.swift */ = {isa = PBXFileReference; lastKnownFileType = sourcecode.swift; path = Util.swift; sourceTree = "<group>"; };
		FE64689A27FB1B6B00795DB2 /* SignUpViewModel.swift */ = {isa = PBXFileReference; lastKnownFileType = sourcecode.swift; path = SignUpViewModel.swift; sourceTree = "<group>"; };
		FE64689E27FB3B7600795DB2 /* UserProfileSwiftUIView.swift */ = {isa = PBXFileReference; lastKnownFileType = sourcecode.swift; path = UserProfileSwiftUIView.swift; sourceTree = "<group>"; };
		FE6468A527FB426600795DB2 /* CoreDataManager.swift */ = {isa = PBXFileReference; lastKnownFileType = sourcecode.swift; path = CoreDataManager.swift; sourceTree = "<group>"; };
		FE6468A727FB45AB00795DB2 /* UserProfileViewController.swift */ = {isa = PBXFileReference; lastKnownFileType = sourcecode.swift; path = UserProfileViewController.swift; sourceTree = "<group>"; };
		FE6468AE27FB6ACD00795DB2 /* UserProfileViewModel.swift */ = {isa = PBXFileReference; lastKnownFileType = sourcecode.swift; path = UserProfileViewModel.swift; sourceTree = "<group>"; };
		FE887E7A2801D740000C2407 /* API.swift */ = {isa = PBXFileReference; lastKnownFileType = sourcecode.swift; path = API.swift; sourceTree = "<group>"; };
		FE887EDE2808F7D7000C2407 /* CoreDataModel 6.xcdatamodel */ = {isa = PBXFileReference; lastKnownFileType = wrapper.xcdatamodel; path = "CoreDataModel 6.xcdatamodel"; sourceTree = "<group>"; };
		FE887EE02809089F000C2407 /* UserDetailsView.swift */ = {isa = PBXFileReference; lastKnownFileType = sourcecode.swift; path = UserDetailsView.swift; sourceTree = "<group>"; };
		FE887EE228090ADB000C2407 /* ContentDetailView.swift */ = {isa = PBXFileReference; lastKnownFileType = sourcecode.swift; path = ContentDetailView.swift; sourceTree = "<group>"; };
		FE887EE628090BB3000C2407 /* UserDetailsViewController.swift */ = {isa = PBXFileReference; lastKnownFileType = sourcecode.swift; path = UserDetailsViewController.swift; sourceTree = "<group>"; };
		FE887EEE2809BF02000C2407 /* CartTableViewCell.xib */ = {isa = PBXFileReference; fileEncoding = 4; lastKnownFileType = file.xib; path = CartTableViewCell.xib; sourceTree = "<group>"; };
		FEA97F6D27FDF6CB00F82B15 /* HomeViewModel.swift */ = {isa = PBXFileReference; lastKnownFileType = sourcecode.swift; path = HomeViewModel.swift; sourceTree = "<group>"; };
		FEA97F6F27FDF9F800F82B15 /* HomeViewController.swift */ = {isa = PBXFileReference; lastKnownFileType = sourcecode.swift; path = HomeViewController.swift; sourceTree = "<group>"; };
		FEA97F7527FE007100F82B15 /* HomeView.swift */ = {isa = PBXFileReference; lastKnownFileType = sourcecode.swift; path = HomeView.swift; sourceTree = "<group>"; };
		FEA97F7827FE3BEB00F82B15 /* CustomCurveShape.swift */ = {isa = PBXFileReference; lastKnownFileType = sourcecode.swift; path = CustomCurveShape.swift; sourceTree = "<group>"; };
		FEA97F7A27FE3C4000F82B15 /* Home.swift */ = {isa = PBXFileReference; lastKnownFileType = sourcecode.swift; path = Home.swift; sourceTree = "<group>"; };
		FEA97F7C27FE3CCC00F82B15 /* ContentView.swift */ = {isa = PBXFileReference; lastKnownFileType = sourcecode.swift; path = ContentView.swift; sourceTree = "<group>"; };
		FEA97F7E27FE3E7500F82B15 /* HomeSlider.swift */ = {isa = PBXFileReference; lastKnownFileType = sourcecode.swift; path = HomeSlider.swift; sourceTree = "<group>"; };
		FEA97F8027FE3F9D00F82B15 /* Slider.swift */ = {isa = PBXFileReference; lastKnownFileType = sourcecode.swift; path = Slider.swift; sourceTree = "<group>"; };
		FEA97F8327FE3FD300F82B15 /* Product.swift */ = {isa = PBXFileReference; lastKnownFileType = sourcecode.swift; path = Product.swift; sourceTree = "<group>"; };
		FEA97F8527FE404500F82B15 /* DetailView.swift */ = {isa = PBXFileReference; lastKnownFileType = sourcecode.swift; path = DetailView.swift; sourceTree = "<group>"; };
		FEA97F8727FE661B00F82B15 /* LandingView.swift */ = {isa = PBXFileReference; lastKnownFileType = sourcecode.swift; path = LandingView.swift; sourceTree = "<group>"; };
		FEA97F8C27FE6C1A00F82B15 /* SplashScreen.swift */ = {isa = PBXFileReference; fileEncoding = 4; lastKnownFileType = sourcecode.swift; path = SplashScreen.swift; sourceTree = "<group>"; };
		FEA97F8E27FE6C2100F82B15 /* LaunchView.swift */ = {isa = PBXFileReference; fileEncoding = 4; lastKnownFileType = sourcecode.swift; path = LaunchView.swift; sourceTree = "<group>"; };
		FEA97F9027FE7EDB00F82B15 /* LoginView.swift */ = {isa = PBXFileReference; lastKnownFileType = sourcecode.swift; path = LoginView.swift; sourceTree = "<group>"; };
		FEA97F962800896B00F82B15 /* CoreDataModel 5.xcdatamodel */ = {isa = PBXFileReference; lastKnownFileType = wrapper.xcdatamodel; path = "CoreDataModel 5.xcdatamodel"; sourceTree = "<group>"; };
		FEAAF23F27FC60E8000F2440 /* DBHelper.swift */ = {isa = PBXFileReference; lastKnownFileType = sourcecode.swift; path = DBHelper.swift; sourceTree = "<group>"; };
		FEAAF24227FC6260000F2440 /* UserHelpers.swift */ = {isa = PBXFileReference; lastKnownFileType = sourcecode.swift; path = UserHelpers.swift; sourceTree = "<group>"; };
		FED794D127FCA4450094E123 /* CoreDataModel.xcdatamodel */ = {isa = PBXFileReference; lastKnownFileType = wrapper.xcdatamodel; path = CoreDataModel.xcdatamodel; sourceTree = "<group>"; };
		FED794E727FCAB8B0094E123 /* CoreDataModel 2.xcdatamodel */ = {isa = PBXFileReference; lastKnownFileType = wrapper.xcdatamodel; path = "CoreDataModel 2.xcdatamodel"; sourceTree = "<group>"; };
		FED794E827FCD2F00094E123 /* CoreDataModel 3.xcdatamodel */ = {isa = PBXFileReference; lastKnownFileType = wrapper.xcdatamodel; path = "CoreDataModel 3.xcdatamodel"; sourceTree = "<group>"; };
		FED794E927FCD9E10094E123 /* CoreDataModel 4.xcdatamodel */ = {isa = PBXFileReference; lastKnownFileType = wrapper.xcdatamodel; path = "CoreDataModel 4.xcdatamodel"; sourceTree = "<group>"; };
		FED7950127FD46880094E123 /* SignUpView.swift */ = {isa = PBXFileReference; lastKnownFileType = sourcecode.swift; path = SignUpView.swift; sourceTree = "<group>"; };
/* End PBXFileReference section */

/* Begin PBXFrameworksBuildPhase section */
		FE64685D27F4C69900795DB2 /* Frameworks */ = {
			isa = PBXFrameworksBuildPhase;
			buildActionMask = 2147483647;
			files = (
			);
			runOnlyForDeploymentPostprocessing = 0;
		};
/* End PBXFrameworksBuildPhase section */

/* Begin PBXGroup section */
		909848612808754200241A03 /* WishList */ = {
			isa = PBXGroup;
			children = (
				909848622808756000241A03 /* Collection */,
				909848652808756000241A03 /* table */,
				90984879280B9BCC00241A03 /* ContactFavoriteCell.swift */,
			);
			path = WishList;
			sourceTree = "<group>";
		};
		909848622808756000241A03 /* Collection */ = {
			isa = PBXGroup;
			children = (
				909848632808756000241A03 /* ItemCollectionViewCell.swift */,
				909848642808756000241A03 /* ItemCollectionViewCell.xib */,
			);
			path = Collection;
			sourceTree = "<group>";
		};
		909848652808756000241A03 /* table */ = {
			isa = PBXGroup;
			children = (
				909848662808756000241A03 /* ItemCollectionTableViewCell.swift */,
				909848672808756000241A03 /* ItemCollectionTableViewCell.xib */,
			);
			path = table;
			sourceTree = "<group>";
		};
		9098486C2808758500241A03 /* TrackingPackage */ = {
			isa = PBXGroup;
			children = (
				9098486D2808758500241A03 /* TrackingShipment.swift */,
				9098486E2808758500241A03 /* TrackProgressView.swift */,
			);
			path = TrackingPackage;
			sourceTree = "<group>";
		};
		9A032024280B2BFE00DF656C /* DataManagers */ = {
			isa = PBXGroup;
			children = (
				9A18C2B927FFA395002221F6 /* CartSaveDataManager.swift */,
				FE6468A527FB426600795DB2 /* CoreDataManager.swift */,
				90984877280B8DF600241A03 /* WishListDataManager.swift */,
				84556A8A280F200700FDA602 /* OrderDataManager.swift */,
			);
			path = DataManagers;
			sourceTree = "<group>";
		};
		9A8CA9B42808833D008B2E5D /* Cart */ = {
			isa = PBXGroup;
			children = (
				9A03203F280B386D00DF656C /* CheckoutShippingTableViewCell.swift */,
				9A032040280B386D00DF656C /* CheckoutShippingTableViewCell.xib */,
				FE887EEE2809BF02000C2407 /* CartTableViewCell.xib */,
				9AB9863B27FCAD900016442B /* CartTableViewCell.swift */,
				9A8CA9B62808837B008B2E5D /* CheckoutCartTableViewCell.swift */,
				9A8CA9B52808837A008B2E5D /* CheckoutCartTableViewCell.xib */,
				9A18C2C127FFC153002221F6 /* CartButtonTableViewCell.swift */,
				9A18C2C227FFC153002221F6 /* CartButtonTableViewCell.xib */,
				9A18C2C727FFC1B7002221F6 /* SavedTableViewCell.swift */,
				9A18C2C527FFC19B002221F6 /* SavedTableViewCell.xib */,
				9A083B262808C7700061045B /* CartTotalTableViewCell.swift */,
				9A083B272808C7700061045B /* CartTotalTableViewCell.xib */,
				9A083B2B280A08890061045B /* CheckoutButtonTableViewCell.swift */,
				9A083B2A280A08890061045B /* CheckoutButtonTableViewCell.xib */,
				9A420E78280B47B20091D1C3 /* CheckoutBillingTableViewCell.swift */,
				9A420E79280B47B20091D1C3 /* CheckoutBillingTableViewCell.xib */,
			);
			path = Cart;
			sourceTree = "<group>";
		};
		FE64685727F4C69900795DB2 = {
			isa = PBXGroup;
			children = (
				FE64686227F4C69900795DB2 /* Pick-n-Pay-Store */,
				FE64686127F4C69900795DB2 /* Products */,
			);
			sourceTree = "<group>";
		};
		FE64686127F4C69900795DB2 /* Products */ = {
			isa = PBXGroup;
			children = (
				FE64686027F4C69900795DB2 /* Pick-n-Pay-Store.app */,
			);
			name = Products;
			sourceTree = "<group>";
		};
		FE64686227F4C69900795DB2 /* Pick-n-Pay-Store */ = {
			isa = PBXGroup;
			children = (
				FE64687A27F4FB6000795DB2 /* Models */,
				FE64687927F4FB5300795DB2 /* View */,
				FE64687B27F4FB6900795DB2 /* ViewModels */,
				FE64688E27F742A600795DB2 /* Services */,
				FE64687C27F4FB8100795DB2 /* Utilities */,
				FE64686327F4C69900795DB2 /* AppDelegate.swift */,
				FE64686527F4C69900795DB2 /* SceneDelegate.swift */,
				FE64686727F4C69900795DB2 /* ViewController.swift */,
				FE64686927F4C69900795DB2 /* Main.storyboard */,
				FE64686C27F4C69C00795DB2 /* Assets.xcassets */,
				FE64686E27F4C69C00795DB2 /* LaunchScreen.storyboard */,
				FE64687127F4C69C00795DB2 /* Info.plist */,
				FE64687727F4C6B800795DB2 /* README.MD */,
				FED794D027FCA4450094E123 /* CoreDataModel.xcdatamodeld */,
			);
			path = "Pick-n-Pay-Store";
			sourceTree = "<group>";
		};
		FE64687927F4FB5300795DB2 /* View */ = {
			isa = PBXGroup;
			children = (
				FE64688F27F74A0600795DB2 /* Views */,
				FE64687D27F4FD0000795DB2 /* Controllers */,
			);
			path = View;
			sourceTree = "<group>";
		};
		FE64687A27F4FB6000795DB2 /* Models */ = {
			isa = PBXGroup;
			children = (
				9A032024280B2BFE00DF656C /* DataManagers */,
				FEAAF23E27FB9EA8000F2440 /* CDClasses */,
				FE64687E27F4FD2E00795DB2 /* Model Props  */,
				FEAAF24127FC6238000F2440 /* DBHelpers */,
			);
			path = Models;
			sourceTree = "<group>";
		};
		FE64687B27F4FB6900795DB2 /* ViewModels */ = {
			isa = PBXGroup;
			children = (
				FE64689A27FB1B6B00795DB2 /* SignUpViewModel.swift */,
				FE6468AE27FB6ACD00795DB2 /* UserProfileViewModel.swift */,
				FEA97F6D27FDF6CB00F82B15 /* HomeViewModel.swift */,
			);
			path = ViewModels;
			sourceTree = "<group>";
		};
		FE64687C27F4FB8100795DB2 /* Utilities */ = {
			isa = PBXGroup;
			children = (
				FE64689627F75B5C00795DB2 /* Util.swift */,
			);
			path = Utilities;
			sourceTree = "<group>";
		};
		FE64687D27F4FD0000795DB2 /* Controllers */ = {
			isa = PBXGroup;
			children = (
				909848732808760000241A03 /* ItemsViewController.swift */,
				90984871280875D200241A03 /* ItemShippingInfoView.swift */,
				9A18C2BB27FFA51D002221F6 /* CartSavedViewController.swift */,
				9A18C2C927FFC811002221F6 /* SavedTableViewController.swift */,
				9AB9864127FD05330016442B /* CartTableViewController.swift */,
				9AD5519A27FD47B400A2522F /* WishListViewController.swift */,
				FEA97F6F27FDF9F800F82B15 /* HomeViewController.swift */,
				84556A8028072FBC00FDA602 /* OrdersTableViewController.swift */,
				FE887EE628090BB3000C2407 /* UserDetailsViewController.swift */,
				9A8CA9B92808875C008B2E5D /* CheckoutViewController.swift */,
			);
			path = Controllers;
			sourceTree = "<group>";
		};
		FE64687E27F4FD2E00795DB2 /* Model Props  */ = {
			isa = PBXGroup;
			children = (
				9A9BDB91280C590E009AC118 /* Receivers+CoreDataProperties.swift */,
				9A9BDB93280C590E009AC118 /* Billings+CoreDataProperties.swift */,
				9AA24954280BDD7E003B6E3A /* Item+CoreDataProperties.swift */,
				9AA24938280BCFB8003B6E3A /* Order+CoreDataProperties.swift */,
				9AA2493E280BCFB8003B6E3A /* User+CoreDataProperties.swift */,
				9AA24940280BCFB8003B6E3A /* Cart+CoreDataProperties.swift */,
				9AA24942280BCFB8003B6E3A /* Wishlist+CoreDataProperties.swift */,
			);
			path = "Model Props ";
			sourceTree = "<group>";
		};
		FE64688E27F742A600795DB2 /* Services */ = {
			isa = PBXGroup;
			children = (
				FE64689427F7536A00795DB2 /* Service.swift */,
				FE887E7A2801D740000C2407 /* API.swift */,
			);
			path = Services;
			sourceTree = "<group>";
		};
		FE64688F27F74A0600795DB2 /* Views */ = {
			isa = PBXGroup;
			children = (
				FE887EDF28090888000C2407 /* User */,
				909848612808754200241A03 /* WishList */,
				FE887E792800DC7D000C2407 /* Examples */,
				FEA97F8927FE6B8C00F82B15 /* Landing */,
				9098486C2808758500241A03 /* TrackingPackage */,
				FEA97F7727FE3BC100F82B15 /* Home */,
				9A8CA9B42808833D008B2E5D /* Cart */,
				84556A822807312200FDA602 /* OrdersTableViewCell.swift */,
				9AD5519E27FD483700A2522F /* WishListTableViewCell.swift */,
			);
			path = Views;
			sourceTree = "<group>";
		};
		FE887E792800DC7D000C2407 /* Examples */ = {
			isa = PBXGroup;
			children = (
				FE64689227F74EDE00795DB2 /* UserTestTableViewCell.swift */,
				FE64689027F74A5100795DB2 /* UserTestViewController.swift */,
				FE6468A727FB45AB00795DB2 /* UserProfileViewController.swift */,
				FE64688C27F741F800795DB2 /* UserTestViewModel.swift */,
				FE64689E27FB3B7600795DB2 /* UserProfileSwiftUIView.swift */,
			);
			path = Examples;
			sourceTree = "<group>";
		};
		FE887EDF28090888000C2407 /* User */ = {
			isa = PBXGroup;
			children = (
				FE887EE02809089F000C2407 /* UserDetailsView.swift */,
				FE887EE228090ADB000C2407 /* ContentDetailView.swift */,
			);
			path = User;
			sourceTree = "<group>";
		};
		FEA97F7727FE3BC100F82B15 /* Home */ = {
			isa = PBXGroup;
			children = (
				FEA97F7527FE007100F82B15 /* HomeView.swift */,
				FEA97F7827FE3BEB00F82B15 /* CustomCurveShape.swift */,
				FEA97F7A27FE3C4000F82B15 /* Home.swift */,
				FEA97F7C27FE3CCC00F82B15 /* ContentView.swift */,
				FEA97F7E27FE3E7500F82B15 /* HomeSlider.swift */,
				FEA97F8027FE3F9D00F82B15 /* Slider.swift */,
				FEA97F8327FE3FD300F82B15 /* Product.swift */,
				FEA97F8527FE404500F82B15 /* DetailView.swift */,
				9098487B280C3A7500241A03 /* CommentsView.swift */,
				84A05A3228099C1C00EB5B3E /* Items.swift */,
			);
			path = Home;
			sourceTree = "<group>";
		};
		FEA97F8927FE6B8C00F82B15 /* Landing */ = {
			isa = PBXGroup;
			children = (
				FEA97F8E27FE6C2100F82B15 /* LaunchView.swift */,
				FEA97F8C27FE6C1A00F82B15 /* SplashScreen.swift */,
				FEA97F8727FE661B00F82B15 /* LandingView.swift */,
				FED7950127FD46880094E123 /* SignUpView.swift */,
				FEA97F9027FE7EDB00F82B15 /* LoginView.swift */,
			);
			path = Landing;
			sourceTree = "<group>";
		};
		FEAAF23E27FB9EA8000F2440 /* CDClasses */ = {
			isa = PBXGroup;
			children = (
				9A9BDB90280C590E009AC118 /* Receivers+CoreDataClass.swift */,
				9A9BDB92280C590E009AC118 /* Billings+CoreDataClass.swift */,
				9AA24937280BCFB8003B6E3A /* Order+CoreDataClass.swift */,
				9AA24953280BDD7E003B6E3A /* Item+CoreDataClass.swift */,
				9AA2493D280BCFB8003B6E3A /* User+CoreDataClass.swift */,
				9AA2493F280BCFB8003B6E3A /* Cart+CoreDataClass.swift */,
				9AA24941280BCFB8003B6E3A /* Wishlist+CoreDataClass.swift */,
			);
			path = CDClasses;
			sourceTree = "<group>";
		};
		FEAAF24127FC6238000F2440 /* DBHelpers */ = {
			isa = PBXGroup;
			children = (
				FEAAF23F27FC60E8000F2440 /* DBHelper.swift */,
				FEAAF24227FC6260000F2440 /* UserHelpers.swift */,
				84A05A3028099BD400EB5B3E /* ItemHelper.swift */,
				9A032022280B2A7200DF656C /* CartHelper.swift */,
			);
			path = DBHelpers;
			sourceTree = "<group>";
		};
/* End PBXGroup section */

/* Begin PBXNativeTarget section */
		FE64685F27F4C69900795DB2 /* Pick-n-Pay-Store */ = {
			isa = PBXNativeTarget;
			buildConfigurationList = FE64687427F4C69C00795DB2 /* Build configuration list for PBXNativeTarget "Pick-n-Pay-Store" */;
			buildPhases = (
				FE64685C27F4C69900795DB2 /* Sources */,
				FE64685D27F4C69900795DB2 /* Frameworks */,
				FE64685E27F4C69900795DB2 /* Resources */,
			);
			buildRules = (
			);
			dependencies = (
			);
			name = "Pick-n-Pay-Store";
			packageProductDependencies = (
			);
			productName = "Pick-n-Pay-Store";
			productReference = FE64686027F4C69900795DB2 /* Pick-n-Pay-Store.app */;
			productType = "com.apple.product-type.application";
		};
/* End PBXNativeTarget section */

/* Begin PBXProject section */
		FE64685827F4C69900795DB2 /* Project object */ = {
			isa = PBXProject;
			attributes = {
				BuildIndependentTargetsInParallel = 1;
				LastSwiftUpdateCheck = 1320;
				LastUpgradeCheck = 1320;
				TargetAttributes = {
					FE64685F27F4C69900795DB2 = {
						CreatedOnToolsVersion = 13.2.1;
					};
				};
			};
			buildConfigurationList = FE64685B27F4C69900795DB2 /* Build configuration list for PBXProject "Pick-n-Pay-Store" */;
			compatibilityVersion = "Xcode 13.0";
			developmentRegion = en;
			hasScannedForEncodings = 0;
			knownRegions = (
				en,
				Base,
			);
			mainGroup = FE64685727F4C69900795DB2;
			packageReferences = (
			);
			productRefGroup = FE64686127F4C69900795DB2 /* Products */;
			projectDirPath = "";
			projectRoot = "";
			targets = (
				FE64685F27F4C69900795DB2 /* Pick-n-Pay-Store */,
			);
		};
/* End PBXProject section */

/* Begin PBXResourcesBuildPhase section */
		FE64685E27F4C69900795DB2 /* Resources */ = {
			isa = PBXResourcesBuildPhase;
			buildActionMask = 2147483647;
			files = (
				9A083B292808C7700061045B /* CartTotalTableViewCell.xib in Resources */,
				FE887EEF2809BF02000C2407 /* CartTableViewCell.xib in Resources */,
				9A420E7B280B47B20091D1C3 /* CheckoutBillingTableViewCell.xib in Resources */,
				FE64687027F4C69C00795DB2 /* LaunchScreen.storyboard in Resources */,
				9A032042280B386D00DF656C /* CheckoutShippingTableViewCell.xib in Resources */,
				9A8CA9B72808837B008B2E5D /* CheckoutCartTableViewCell.xib in Resources */,
				FE64686D27F4C69C00795DB2 /* Assets.xcassets in Resources */,
				FE64686B27F4C69900795DB2 /* Main.storyboard in Resources */,
				909848692808756000241A03 /* ItemCollectionViewCell.xib in Resources */,
				9A18C2C627FFC19B002221F6 /* SavedTableViewCell.xib in Resources */,
				9098486B2808756000241A03 /* ItemCollectionTableViewCell.xib in Resources */,
				9A18C2C427FFC153002221F6 /* CartButtonTableViewCell.xib in Resources */,
				9A083B2C280A088A0061045B /* CheckoutButtonTableViewCell.xib in Resources */,
			);
			runOnlyForDeploymentPostprocessing = 0;
		};
/* End PBXResourcesBuildPhase section */

/* Begin PBXSourcesBuildPhase section */
		FE64685C27F4C69900795DB2 /* Sources */ = {
			isa = PBXSourcesBuildPhase;
			buildActionMask = 2147483647;
			files = (
				9AA24944280BCFB8003B6E3A /* Order+CoreDataProperties.swift in Sources */,
				FE64689727F75B5C00795DB2 /* Util.swift in Sources */,
				9AA2494D280BCFB8003B6E3A /* Wishlist+CoreDataClass.swift in Sources */,
				9098486F2808758500241A03 /* TrackingShipment.swift in Sources */,
				9AD5519F27FD483800A2522F /* WishListTableViewCell.swift in Sources */,
				9A18C2CA27FFC811002221F6 /* SavedTableViewController.swift in Sources */,
				FE64686827F4C69900795DB2 /* ViewController.swift in Sources */,
				FEA97F8127FE3F9D00F82B15 /* Slider.swift in Sources */,
				FEAAF24327FC6260000F2440 /* UserHelpers.swift in Sources */,
				9A9BDB95280C590E009AC118 /* Receivers+CoreDataProperties.swift in Sources */,
				FEA97F9127FE7EDB00F82B15 /* LoginView.swift in Sources */,
				9AA2494C280BCFB8003B6E3A /* Cart+CoreDataProperties.swift in Sources */,
				FE887EE12809089F000C2407 /* UserDetailsView.swift in Sources */,
				9098486A2808756000241A03 /* ItemCollectionTableViewCell.swift in Sources */,
				9A18C2C327FFC153002221F6 /* CartButtonTableViewCell.swift in Sources */,
				FE64689127F74A5100795DB2 /* UserTestViewController.swift in Sources */,
				84A05A3128099BD400EB5B3E /* ItemHelper.swift in Sources */,
				9AB9864227FD05330016442B /* CartTableViewController.swift in Sources */,
				9AA2494B280BCFB8003B6E3A /* Cart+CoreDataClass.swift in Sources */,
				9AD5519B27FD47B400A2522F /* WishListViewController.swift in Sources */,
				84556A8128072FBC00FDA602 /* OrdersTableViewController.swift in Sources */,
				909848742808760000241A03 /* ItemsViewController.swift in Sources */,
				FEA97F7F27FE3E7500F82B15 /* HomeSlider.swift in Sources */,
				90984878280B8DF600241A03 /* WishListDataManager.swift in Sources */,
				FEA97F7627FE007100F82B15 /* HomeView.swift in Sources */,
				FEA97F7027FDF9F800F82B15 /* HomeViewController.swift in Sources */,
				90984872280875D200241A03 /* ItemShippingInfoView.swift in Sources */,
				FE6468A627FB426600795DB2 /* CoreDataManager.swift in Sources */,
				FEA97F8D27FE6C1A00F82B15 /* SplashScreen.swift in Sources */,
				FEAAF24027FC60E8000F2440 /* DBHelper.swift in Sources */,
				FE64686427F4C69900795DB2 /* AppDelegate.swift in Sources */,
				9A083B282808C7700061045B /* CartTotalTableViewCell.swift in Sources */,
				FED7950227FD46880094E123 /* SignUpView.swift in Sources */,
				FE887EE728090BB3000C2407 /* UserDetailsViewController.swift in Sources */,
				9A9BDB96280C590E009AC118 /* Billings+CoreDataClass.swift in Sources */,
				909848682808756000241A03 /* ItemCollectionViewCell.swift in Sources */,
				FEA97F6E27FDF6CB00F82B15 /* HomeViewModel.swift in Sources */,
				FE6468A827FB45AB00795DB2 /* UserProfileViewController.swift in Sources */,
				FE64689327F74EDE00795DB2 /* UserTestTableViewCell.swift in Sources */,
				9A8CA9BA2808875C008B2E5D /* CheckoutViewController.swift in Sources */,
				9A032023280B2A7200DF656C /* CartHelper.swift in Sources */,
				9A032041280B386D00DF656C /* CheckoutShippingTableViewCell.swift in Sources */,
				FEA97F8627FE404500F82B15 /* DetailView.swift in Sources */,
				FE64689F27FB3B7600795DB2 /* UserProfileSwiftUIView.swift in Sources */,
				84A05A3328099C1C00EB5B3E /* Items.swift in Sources */,
				9A9BDB97280C590E009AC118 /* Billings+CoreDataProperties.swift in Sources */,
				FEA97F7D27FE3CCC00F82B15 /* ContentView.swift in Sources */,
				9AA24949280BCFB8003B6E3A /* User+CoreDataClass.swift in Sources */,
				FEA97F7927FE3BEB00F82B15 /* CustomCurveShape.swift in Sources */,
				84556A8B280F200700FDA602 /* OrderDataManager.swift in Sources */,
				FE64689527F7536A00795DB2 /* Service.swift in Sources */,
				9A18C2C827FFC1B7002221F6 /* SavedTableViewCell.swift in Sources */,
				9AA24943280BCFB8003B6E3A /* Order+CoreDataClass.swift in Sources */,
				909848702808758500241A03 /* TrackProgressView.swift in Sources */,
				9A083B2D280A088A0061045B /* CheckoutButtonTableViewCell.swift in Sources */,
				9AB9863D27FCAD900016442B /* CartTableViewCell.swift in Sources */,
				FEA97F8827FE661B00F82B15 /* LandingView.swift in Sources */,
				9098487A280B9BCC00241A03 /* ContactFavoriteCell.swift in Sources */,
				9A8CA9B82808837B008B2E5D /* CheckoutCartTableViewCell.swift in Sources */,
				FEA97F8427FE3FD300F82B15 /* Product.swift in Sources */,
				FEA97F8F27FE6C2100F82B15 /* LaunchView.swift in Sources */,
				FED794D227FCA4450094E123 /* CoreDataModel.xcdatamodeld in Sources */,
				FEA97F7B27FE3C4000F82B15 /* Home.swift in Sources */,
				FE64688D27F741F800795DB2 /* UserTestViewModel.swift in Sources */,
				84556A832807312200FDA602 /* OrdersTableViewCell.swift in Sources */,
				FE64689B27FB1B6B00795DB2 /* SignUpViewModel.swift in Sources */,
				FE887EE328090ADB000C2407 /* ContentDetailView.swift in Sources */,
				FE6468AF27FB6ACD00795DB2 /* UserProfileViewModel.swift in Sources */,
				9A18C2BA27FFA395002221F6 /* CartSaveDataManager.swift in Sources */,
				9A18C2BC27FFA51D002221F6 /* CartSavedViewController.swift in Sources */,
				9AA2494E280BCFB8003B6E3A /* Wishlist+CoreDataProperties.swift in Sources */,
				9AA24956280BDD7E003B6E3A /* Item+CoreDataProperties.swift in Sources */,
				9AA2494A280BCFB8003B6E3A /* User+CoreDataProperties.swift in Sources */,
				FE887E7B2801D740000C2407 /* API.swift in Sources */,
				9A9BDB94280C590E009AC118 /* Receivers+CoreDataClass.swift in Sources */,
				9098487C280C3A7600241A03 /* CommentsView.swift in Sources */,
				FE64686627F4C69900795DB2 /* SceneDelegate.swift in Sources */,
				9AA24955280BDD7E003B6E3A /* Item+CoreDataClass.swift in Sources */,
				9A420E7A280B47B20091D1C3 /* CheckoutBillingTableViewCell.swift in Sources */,
			);
			runOnlyForDeploymentPostprocessing = 0;
		};
/* End PBXSourcesBuildPhase section */

/* Begin PBXVariantGroup section */
		FE64686927F4C69900795DB2 /* Main.storyboard */ = {
			isa = PBXVariantGroup;
			children = (
				FE64686A27F4C69900795DB2 /* Base */,
			);
			name = Main.storyboard;
			sourceTree = "<group>";
		};
		FE64686E27F4C69C00795DB2 /* LaunchScreen.storyboard */ = {
			isa = PBXVariantGroup;
			children = (
				FE64686F27F4C69C00795DB2 /* Base */,
			);
			name = LaunchScreen.storyboard;
			sourceTree = "<group>";
		};
/* End PBXVariantGroup section */

/* Begin XCBuildConfiguration section */
		FE64687227F4C69C00795DB2 /* Debug */ = {
			isa = XCBuildConfiguration;
			buildSettings = {
				ALWAYS_SEARCH_USER_PATHS = NO;
				CLANG_ANALYZER_NONNULL = YES;
				CLANG_ANALYZER_NUMBER_OBJECT_CONVERSION = YES_AGGRESSIVE;
				CLANG_CXX_LANGUAGE_STANDARD = "gnu++17";
				CLANG_CXX_LIBRARY = "libc++";
				CLANG_ENABLE_MODULES = YES;
				CLANG_ENABLE_OBJC_ARC = YES;
				CLANG_ENABLE_OBJC_WEAK = YES;
				CLANG_WARN_BLOCK_CAPTURE_AUTORELEASING = YES;
				CLANG_WARN_BOOL_CONVERSION = YES;
				CLANG_WARN_COMMA = YES;
				CLANG_WARN_CONSTANT_CONVERSION = YES;
				CLANG_WARN_DEPRECATED_OBJC_IMPLEMENTATIONS = YES;
				CLANG_WARN_DIRECT_OBJC_ISA_USAGE = YES_ERROR;
				CLANG_WARN_DOCUMENTATION_COMMENTS = YES;
				CLANG_WARN_EMPTY_BODY = YES;
				CLANG_WARN_ENUM_CONVERSION = YES;
				CLANG_WARN_INFINITE_RECURSION = YES;
				CLANG_WARN_INT_CONVERSION = YES;
				CLANG_WARN_NON_LITERAL_NULL_CONVERSION = YES;
				CLANG_WARN_OBJC_IMPLICIT_RETAIN_SELF = YES;
				CLANG_WARN_OBJC_LITERAL_CONVERSION = YES;
				CLANG_WARN_OBJC_ROOT_CLASS = YES_ERROR;
				CLANG_WARN_QUOTED_INCLUDE_IN_FRAMEWORK_HEADER = YES;
				CLANG_WARN_RANGE_LOOP_ANALYSIS = YES;
				CLANG_WARN_STRICT_PROTOTYPES = YES;
				CLANG_WARN_SUSPICIOUS_MOVE = YES;
				CLANG_WARN_UNGUARDED_AVAILABILITY = YES_AGGRESSIVE;
				CLANG_WARN_UNREACHABLE_CODE = YES;
				CLANG_WARN__DUPLICATE_METHOD_MATCH = YES;
				COPY_PHASE_STRIP = NO;
				DEBUG_INFORMATION_FORMAT = dwarf;
				ENABLE_STRICT_OBJC_MSGSEND = YES;
				ENABLE_TESTABILITY = YES;
				GCC_C_LANGUAGE_STANDARD = gnu11;
				GCC_DYNAMIC_NO_PIC = NO;
				GCC_NO_COMMON_BLOCKS = YES;
				GCC_OPTIMIZATION_LEVEL = 0;
				GCC_PREPROCESSOR_DEFINITIONS = (
					"DEBUG=1",
					"$(inherited)",
				);
				GCC_WARN_64_TO_32_BIT_CONVERSION = YES;
				GCC_WARN_ABOUT_RETURN_TYPE = YES_ERROR;
				GCC_WARN_UNDECLARED_SELECTOR = YES;
				GCC_WARN_UNINITIALIZED_AUTOS = YES_AGGRESSIVE;
				GCC_WARN_UNUSED_FUNCTION = YES;
				GCC_WARN_UNUSED_VARIABLE = YES;
				IPHONEOS_DEPLOYMENT_TARGET = 15.2;
				MTL_ENABLE_DEBUG_INFO = INCLUDE_SOURCE;
				MTL_FAST_MATH = YES;
				ONLY_ACTIVE_ARCH = YES;
				SDKROOT = iphoneos;
				SWIFT_ACTIVE_COMPILATION_CONDITIONS = DEBUG;
				SWIFT_OPTIMIZATION_LEVEL = "-Onone";
			};
			name = Debug;
		};
		FE64687327F4C69C00795DB2 /* Release */ = {
			isa = XCBuildConfiguration;
			buildSettings = {
				ALWAYS_SEARCH_USER_PATHS = NO;
				CLANG_ANALYZER_NONNULL = YES;
				CLANG_ANALYZER_NUMBER_OBJECT_CONVERSION = YES_AGGRESSIVE;
				CLANG_CXX_LANGUAGE_STANDARD = "gnu++17";
				CLANG_CXX_LIBRARY = "libc++";
				CLANG_ENABLE_MODULES = YES;
				CLANG_ENABLE_OBJC_ARC = YES;
				CLANG_ENABLE_OBJC_WEAK = YES;
				CLANG_WARN_BLOCK_CAPTURE_AUTORELEASING = YES;
				CLANG_WARN_BOOL_CONVERSION = YES;
				CLANG_WARN_COMMA = YES;
				CLANG_WARN_CONSTANT_CONVERSION = YES;
				CLANG_WARN_DEPRECATED_OBJC_IMPLEMENTATIONS = YES;
				CLANG_WARN_DIRECT_OBJC_ISA_USAGE = YES_ERROR;
				CLANG_WARN_DOCUMENTATION_COMMENTS = YES;
				CLANG_WARN_EMPTY_BODY = YES;
				CLANG_WARN_ENUM_CONVERSION = YES;
				CLANG_WARN_INFINITE_RECURSION = YES;
				CLANG_WARN_INT_CONVERSION = YES;
				CLANG_WARN_NON_LITERAL_NULL_CONVERSION = YES;
				CLANG_WARN_OBJC_IMPLICIT_RETAIN_SELF = YES;
				CLANG_WARN_OBJC_LITERAL_CONVERSION = YES;
				CLANG_WARN_OBJC_ROOT_CLASS = YES_ERROR;
				CLANG_WARN_QUOTED_INCLUDE_IN_FRAMEWORK_HEADER = YES;
				CLANG_WARN_RANGE_LOOP_ANALYSIS = YES;
				CLANG_WARN_STRICT_PROTOTYPES = YES;
				CLANG_WARN_SUSPICIOUS_MOVE = YES;
				CLANG_WARN_UNGUARDED_AVAILABILITY = YES_AGGRESSIVE;
				CLANG_WARN_UNREACHABLE_CODE = YES;
				CLANG_WARN__DUPLICATE_METHOD_MATCH = YES;
				COPY_PHASE_STRIP = NO;
				DEBUG_INFORMATION_FORMAT = "dwarf-with-dsym";
				ENABLE_NS_ASSERTIONS = NO;
				ENABLE_STRICT_OBJC_MSGSEND = YES;
				GCC_C_LANGUAGE_STANDARD = gnu11;
				GCC_NO_COMMON_BLOCKS = YES;
				GCC_WARN_64_TO_32_BIT_CONVERSION = YES;
				GCC_WARN_ABOUT_RETURN_TYPE = YES_ERROR;
				GCC_WARN_UNDECLARED_SELECTOR = YES;
				GCC_WARN_UNINITIALIZED_AUTOS = YES_AGGRESSIVE;
				GCC_WARN_UNUSED_FUNCTION = YES;
				GCC_WARN_UNUSED_VARIABLE = YES;
				IPHONEOS_DEPLOYMENT_TARGET = 15.2;
				MTL_ENABLE_DEBUG_INFO = NO;
				MTL_FAST_MATH = YES;
				SDKROOT = iphoneos;
				SWIFT_COMPILATION_MODE = wholemodule;
				SWIFT_OPTIMIZATION_LEVEL = "-O";
				VALIDATE_PRODUCT = YES;
			};
			name = Release;
		};
		FE64687527F4C69C00795DB2 /* Debug */ = {
			isa = XCBuildConfiguration;
			buildSettings = {
				ASSETCATALOG_COMPILER_APPICON_NAME = AppIcon;
				ASSETCATALOG_COMPILER_GLOBAL_ACCENT_COLOR_NAME = AccentColor;
				CODE_SIGN_STYLE = Automatic;
				CURRENT_PROJECT_VERSION = 1;
				DEVELOPMENT_TEAM = C76ZC5RLMX;
				GENERATE_INFOPLIST_FILE = YES;
				INFOPLIST_FILE = "Pick-n-Pay-Store/Info.plist";
				INFOPLIST_KEY_UIApplicationSupportsIndirectInputEvents = YES;
				INFOPLIST_KEY_UILaunchStoryboardName = LaunchScreen;
				INFOPLIST_KEY_UIMainStoryboardFile = Main;
				INFOPLIST_KEY_UISupportedInterfaceOrientations_iPad = "UIInterfaceOrientationPortrait UIInterfaceOrientationPortraitUpsideDown UIInterfaceOrientationLandscapeLeft UIInterfaceOrientationLandscapeRight";
				INFOPLIST_KEY_UISupportedInterfaceOrientations_iPhone = "UIInterfaceOrientationPortrait UIInterfaceOrientationLandscapeLeft UIInterfaceOrientationLandscapeRight";
				IPHONEOS_DEPLOYMENT_TARGET = 15.0;
				LD_RUNPATH_SEARCH_PATHS = (
					"$(inherited)",
					"@executable_path/Frameworks",
				);
				MARKETING_VERSION = 1.0;
				PRODUCT_BUNDLE_IDENTIFIER = "pdelac.Pick-n-Pay-Store";
				PRODUCT_NAME = "$(TARGET_NAME)";
				SWIFT_EMIT_LOC_STRINGS = YES;
				SWIFT_VERSION = 5.0;
				TARGETED_DEVICE_FAMILY = "1,2";
			};
			name = Debug;
		};
		FE64687627F4C69C00795DB2 /* Release */ = {
			isa = XCBuildConfiguration;
			buildSettings = {
				ASSETCATALOG_COMPILER_APPICON_NAME = AppIcon;
				ASSETCATALOG_COMPILER_GLOBAL_ACCENT_COLOR_NAME = AccentColor;
				CODE_SIGN_STYLE = Automatic;
				CURRENT_PROJECT_VERSION = 1;
				DEVELOPMENT_TEAM = C76ZC5RLMX;
				GENERATE_INFOPLIST_FILE = YES;
				INFOPLIST_FILE = "Pick-n-Pay-Store/Info.plist";
				INFOPLIST_KEY_UIApplicationSupportsIndirectInputEvents = YES;
				INFOPLIST_KEY_UILaunchStoryboardName = LaunchScreen;
				INFOPLIST_KEY_UIMainStoryboardFile = Main;
				INFOPLIST_KEY_UISupportedInterfaceOrientations_iPad = "UIInterfaceOrientationPortrait UIInterfaceOrientationPortraitUpsideDown UIInterfaceOrientationLandscapeLeft UIInterfaceOrientationLandscapeRight";
				INFOPLIST_KEY_UISupportedInterfaceOrientations_iPhone = "UIInterfaceOrientationPortrait UIInterfaceOrientationLandscapeLeft UIInterfaceOrientationLandscapeRight";
				IPHONEOS_DEPLOYMENT_TARGET = 15.0;
				LD_RUNPATH_SEARCH_PATHS = (
					"$(inherited)",
					"@executable_path/Frameworks",
				);
				MARKETING_VERSION = 1.0;
				PRODUCT_BUNDLE_IDENTIFIER = "pdelac.Pick-n-Pay-Store";
				PRODUCT_NAME = "$(TARGET_NAME)";
				SWIFT_EMIT_LOC_STRINGS = YES;
				SWIFT_VERSION = 5.0;
				TARGETED_DEVICE_FAMILY = "1,2";
			};
			name = Release;
		};
/* End XCBuildConfiguration section */

/* Begin XCConfigurationList section */
		FE64685B27F4C69900795DB2 /* Build configuration list for PBXProject "Pick-n-Pay-Store" */ = {
			isa = XCConfigurationList;
			buildConfigurations = (
				FE64687227F4C69C00795DB2 /* Debug */,
				FE64687327F4C69C00795DB2 /* Release */,
			);
			defaultConfigurationIsVisible = 0;
			defaultConfigurationName = Release;
		};
		FE64687427F4C69C00795DB2 /* Build configuration list for PBXNativeTarget "Pick-n-Pay-Store" */ = {
			isa = XCConfigurationList;
			buildConfigurations = (
				FE64687527F4C69C00795DB2 /* Debug */,
				FE64687627F4C69C00795DB2 /* Release */,
			);
			defaultConfigurationIsVisible = 0;
			defaultConfigurationName = Release;
		};
/* End XCConfigurationList section */

/* Begin XCVersionGroup section */
		FED794D027FCA4450094E123 /* CoreDataModel.xcdatamodeld */ = {
			isa = XCVersionGroup;
			children = (
				9A9BDB8F280C5734009AC118 /* CoreDataModel 10.xcdatamodel */,
				9AA2492E280BCA7C003B6E3A /* CoreDataModel 9.xcdatamodel */,
				9A420E88280BB7150091D1C3 /* CoreDataModel 8.xcdatamodel */,
				9A032021280B296900DF656C /* CoreDataModel 7.xcdatamodel */,
				FE887EDE2808F7D7000C2407 /* CoreDataModel 6.xcdatamodel */,
				FEA97F962800896B00F82B15 /* CoreDataModel 5.xcdatamodel */,
				FED794E927FCD9E10094E123 /* CoreDataModel 4.xcdatamodel */,
				FED794E827FCD2F00094E123 /* CoreDataModel 3.xcdatamodel */,
				FED794E727FCAB8B0094E123 /* CoreDataModel 2.xcdatamodel */,
				FED794D127FCA4450094E123 /* CoreDataModel.xcdatamodel */,
			);
			currentVersion = 9A9BDB8F280C5734009AC118 /* CoreDataModel 10.xcdatamodel */;
			path = CoreDataModel.xcdatamodeld;
			sourceTree = "<group>";
			versionGroupType = wrapper.xcdatamodel;
		};
/* End XCVersionGroup section */
	};
	rootObject = FE64685827F4C69900795DB2 /* Project object */;
}
